{
    "hash": "5934f2d168a80183849fc69a8d7e785b",
    "packages": [
        {
            "package": "symfony/config",
            "version": "v2.1.1"
        },
        {
            "package": "symfony/dependency-injection",
            "version": "v2.1.1"
        },
        {
            "package": "symfony/event-dispatcher",
            "version": "v2.1.1"
        },
        {
            "package": "symfony/http-foundation",
            "version": "v2.1.1"
        },
        {
            "package": "symfony/http-kernel",
            "version": "v2.1.1"
        },
        {
            "package": "symfony/routing",
            "version": "v2.1.1"
        },
        {
            "package": "symfony/yaml",
            "version": "v2.1.1"
        }
    ],
    "packages-dev": null,
    "aliases": [

    ],
    "minimum-stability": "stable",
    "stability-flags": [

    ]
}
