{
    "hash": "0dd02d419f76d303b41b365a82f3b033",
    "packages": [
        {
            "package": "symfony/config",
            "version": "dev-master",
            "alias-pretty-version": "2.1.x-dev",
            "alias-version": "2.1.9999999.9999999-dev"
        },
        {
            "package": "symfony/config",
            "version": "dev-master",
            "source-reference": "v2.1.0-RC2",
            "commit-date": "1345643321"
        },
        {
            "package": "symfony/dependency-injection",
            "version": "dev-master",
            "alias-pretty-version": "2.1.x-dev",
            "alias-version": "2.1.9999999.9999999-dev"
        },
        {
            "package": "symfony/dependency-injection",
            "version": "dev-master",
            "source-reference": "3adaf5f41b1dfa17b1b6c75559be77df938abcb5",
            "commit-date": "1346406727"
        },
        {
            "package": "symfony/event-dispatcher",
            "version": "dev-master",
            "alias-pretty-version": "2.1.x-dev",
            "alias-version": "2.1.9999999.9999999-dev"
        },
        {
            "package": "symfony/event-dispatcher",
            "version": "dev-master",
            "source-reference": "v2.1.0-RC2",
            "commit-date": "1345643321"
        },
        {
            "package": "symfony/http-foundation",
            "version": "dev-master",
            "alias-pretty-version": "2.1.x-dev",
            "alias-version": "2.1.9999999.9999999-dev"
        },
        {
            "package": "symfony/http-foundation",
            "version": "dev-master",
            "source-reference": "c72ddd57edfa6f98b10902fbb545fcab0e78baf8",
            "commit-date": "1346761482"
        },
        {
            "package": "symfony/http-kernel",
            "version": "dev-master",
            "alias-pretty-version": "2.1.x-dev",
            "alias-version": "2.1.9999999.9999999-dev"
        },
        {
            "package": "symfony/http-kernel",
            "version": "dev-master",
            "source-reference": "27e082967d9f417a0ad2f853ee4e37f6b752aa98",
            "commit-date": "1345973524"
        },
        {
            "package": "symfony/routing",
            "version": "dev-master",
            "alias-pretty-version": "2.1.x-dev",
            "alias-version": "2.1.9999999.9999999-dev"
        },
        {
            "package": "symfony/routing",
            "version": "dev-master",
            "source-reference": "475c0550543c882a7e31b9aca7a5dc0615f59547",
            "commit-date": "1346394981"
        },
        {
            "package": "symfony/yaml",
            "version": "dev-master",
            "alias-pretty-version": "2.1.x-dev",
            "alias-version": "2.1.9999999.9999999-dev"
        },
        {
            "package": "symfony/yaml",
            "version": "dev-master",
            "source-reference": "v2.1.0-RC2",
            "commit-date": "1345643321"
        }
    ],
    "packages-dev": null,
    "aliases": [

    ],
    "minimum-stability": "dev",
    "stability-flags": [

    ]
}
